
Microsoft Visual Studio Solution File, Format Version 12.00
# Visual Studio 15
Project("{FAE04EC0-301F-11D3-BF4B-00C04F79EFBC}") = "Everage", "Everage\Everage.csproj", "{92A7783C-35F8-4A7D-B10E-55FB7D746E77}"
EndProject
Global
	GlobalSection(SolutionConfigurationPlatforms) = preSolution
		Debug|anycpu = Debug|anycpu
		Release|anycpu = Release|anycpu
	EndGlobalSection
	GlobalSection(ProjectConfigurationPlatforms) = postSolution
		{92A7783C-35F8-4A7D-B10E-55FB7D746E77}.Debug|anycpu.ActiveCfg = Debug|anycpu
		{92A7783C-35F8-4A7D-B10E-55FB7D746E77}.Debug|anycpu.Build.0 = Debug|anycpu
		{92A7783C-35F8-4A7D-B10E-55FB7D746E77}.Release|anycpu.ActiveCfg = Release|anycpu
		{92A7783C-35F8-4A7D-B10E-55FB7D746E77}.Release|anycpu.Build.0 = Release|anycpu
	EndGlobalSection
EndGlobal
