
Microsoft Visual Studio Solution File, Format Version 12.00
# Visual Studio 15
Project("{FAE04EC0-301F-11D3-BF4B-00C04F79EFBC}") = "MarkDownFile.md", "MarkDownFile\MarkDownFile.md.csproj", "{23BB5436-F1DE-418A-9373-49BF57D5F760}"
EndProject
Project("{2150E333-8FDC-42A3-9474-1A3956D46DE8}") = "Solution Items", "Solution Items", "{04D9E346-644F-4D50-B8A0-5AAECF1244F2}"
	ProjectSection(SolutionItems) = preProject
		MarkDownFile.txt = MarkDownFile.txt
	EndProjectSection
EndProject
Global
	GlobalSection(SolutionConfigurationPlatforms) = preSolution
		Debug|x86 = Debug|x86
		Release|x86 = Release|x86
	EndGlobalSection
	GlobalSection(ProjectConfigurationPlatforms) = postSolution
		{23BB5436-F1DE-418A-9373-49BF57D5F760}.Debug|x86.ActiveCfg = Debug|x86
		{23BB5436-F1DE-418A-9373-49BF57D5F760}.Debug|x86.Build.0 = Debug|x86
		{23BB5436-F1DE-418A-9373-49BF57D5F760}.Release|x86.ActiveCfg = Release|x86
		{23BB5436-F1DE-418A-9373-49BF57D5F760}.Release|x86.Build.0 = Release|x86
	EndGlobalSection
EndGlobal
